
Microsoft Visual Studio Solution File, Format Version 12.00
# Visual Studio Version 17
VisualStudioVersion = 17.8.34511.84
MinimumVisualStudioVersion = 10.0.40219.1
Project("{FAE04EC0-301F-11D3-BF4B-00C04F79EFBC}") = "Hr Management System", "Hr Management System\Hr Management System.csproj", "{CCF978FA-284F-4A26-9192-EAD53FACD9C3}"
EndProject
Global
	GlobalSection(SolutionConfigurationPlatforms) = preSolution
		Debug|Any CPU = Debug|Any CPU
		Release|Any CPU = Release|Any CPU
	EndGlobalSection
	GlobalSection(ProjectConfigurationPlatforms) = postSolution
		{CCF978FA-284F-4A26-9192-EAD53FACD9C3}.Debug|Any CPU.ActiveCfg = Debug|Any CPU
		{CCF978FA-284F-4A26-9192-EAD53FACD9C3}.Debug|Any CPU.Build.0 = Debug|Any CPU
		{CCF978FA-284F-4A26-9192-EAD53FACD9C3}.Release|Any CPU.ActiveCfg = Release|Any CPU
		{CCF978FA-284F-4A26-9192-EAD53FACD9C3}.Release|Any CPU.Build.0 = Release|Any CPU
	EndGlobalSection
	GlobalSection(SolutionProperties) = preSolution
		HideSolutionNode = FALSE
	EndGlobalSection
	GlobalSection(ExtensibilityGlobals) = postSolution
		SolutionGuid = {364E2814-B928-4BDB-9EDE-E29BC7A90F70}
	EndGlobalSection
EndGlobal
